
Microsoft Visual Studio Solution File, Format Version 11.00
# Visual Studio 2010
Project("{F184B08F-C81C-45F6-A57F-5ABD9991F28F}") = "School_Web", "School_Web\School_Web.vbproj", "{C6AC57A4-95A2-42F7-BA27-121F67CA14E9}"
EndProject
Project("{F184B08F-C81C-45F6-A57F-5ABD9991F28F}") = "ePort", "ePort\ePort.vbproj", "{093CB93D-EE78-41B6-B364-5696E1C88C88}"
EndProject
Project("{FAE04EC0-301F-11D3-BF4B-00C04F79EFBC}") = "Model", "Model\Model.csproj", "{770520E8-98AD-462D-9D36-7B2AF24C8AC1}"
EndProject
Project("{F184B08F-C81C-45F6-A57F-5ABD9991F28F}") = "DAL", "DAL\DAL.vbproj", "{B66063B6-9BEF-4384-9F0E-B4BC1F32DBEB}"
EndProject
Project("{FAE04EC0-301F-11D3-BF4B-00C04F79EFBC}") = "Common", "Common\Common.csproj", "{69640618-6A29-42B7-B52B-1325DAF84588}"
EndProject
Project("{FAE04EC0-301F-11D3-BF4B-00C04F79EFBC}") = "StringHandling", "StringHandling\StringHandling.csproj", "{F7635B6B-2C1A-4093-AB32-3733C7A30028}"
EndProject
Project("{F184B08F-C81C-45F6-A57F-5ABD9991F28F}") = "BLL", "BLL\BLL.vbproj", "{B2F1038F-97D4-45AC-B64C-92AD5876AF29}"
EndProject
Project("{F184B08F-C81C-45F6-A57F-5ABD9991F28F}") = "SystemConfig", "SystemConfig\SystemConfig.vbproj", "{C32EAC2E-21E3-4D1E-A282-33867E6B182C}"
EndProject
Project("{F184B08F-C81C-45F6-A57F-5ABD9991F28F}") = "View", "View\View.vbproj", "{3668D3BF-A9D5-4247-A7F6-5ECF5AF9E949}"
EndProject
Project("{F184B08F-C81C-45F6-A57F-5ABD9991F28F}") = "Passport", "Passport\Passport.vbproj", "{DBA8A3DA-D378-4C3F-B0F7-F895EB936C48}"
EndProject
Project("{F184B08F-C81C-45F6-A57F-5ABD9991F28F}") = "Assets", "Assets\Assets.vbproj", "{B2B31A64-A59F-48F1-A27A-DB4A650D2FA8}"
EndProject
Project("{F184B08F-C81C-45F6-A57F-5ABD9991F28F}") = "Course", "Course\Course.vbproj", "{41C1640F-0C6F-47AD-A9ED-3E4780EF6EA0}"
EndProject
Project("{F184B08F-C81C-45F6-A57F-5ABD9991F28F}") = "Event", "Event\Event.vbproj", "{5EB0AF28-6DDE-44D7-8AB3-D7B64769486C}"
EndProject
Project("{F184B08F-C81C-45F6-A57F-5ABD9991F28F}") = "Lab", "Lab\Lab.vbproj", "{AB229858-8982-4E1D-9DDC-D166A5EC681A}"
EndProject
Project("{F184B08F-C81C-45F6-A57F-5ABD9991F28F}") = "RoomOrder", "RoomOrder\RoomOrder.vbproj", "{97F0B9E8-0471-4E3E-B7DA-76266DC439DF}"
EndProject
Project("{F184B08F-C81C-45F6-A57F-5ABD9991F28F}") = "WorkApply", "WorkApply\WorkApply.vbproj", "{57900CB5-276B-43EA-87F6-DCCAE17187EF}"
EndProject
Project("{F184B08F-C81C-45F6-A57F-5ABD9991F28F}") = "ZS", "ZS\ZS.vbproj", "{36E28232-42D0-459A-92F5-57A26D95BE1F}"
EndProject
Global
	GlobalSection(SolutionConfigurationPlatforms) = preSolution
		Debug|Any CPU = Debug|Any CPU
		Release|Any CPU = Release|Any CPU
	EndGlobalSection
	GlobalSection(ProjectConfigurationPlatforms) = postSolution
		{C6AC57A4-95A2-42F7-BA27-121F67CA14E9}.Debug|Any CPU.ActiveCfg = Debug|Any CPU
		{C6AC57A4-95A2-42F7-BA27-121F67CA14E9}.Debug|Any CPU.Build.0 = Debug|Any CPU
		{C6AC57A4-95A2-42F7-BA27-121F67CA14E9}.Release|Any CPU.ActiveCfg = Release|Any CPU
		{C6AC57A4-95A2-42F7-BA27-121F67CA14E9}.Release|Any CPU.Build.0 = Release|Any CPU
		{093CB93D-EE78-41B6-B364-5696E1C88C88}.Debug|Any CPU.ActiveCfg = Debug|Any CPU
		{093CB93D-EE78-41B6-B364-5696E1C88C88}.Debug|Any CPU.Build.0 = Debug|Any CPU
		{093CB93D-EE78-41B6-B364-5696E1C88C88}.Release|Any CPU.ActiveCfg = Release|Any CPU
		{093CB93D-EE78-41B6-B364-5696E1C88C88}.Release|Any CPU.Build.0 = Release|Any CPU
		{770520E8-98AD-462D-9D36-7B2AF24C8AC1}.Debug|Any CPU.ActiveCfg = Debug|Any CPU
		{770520E8-98AD-462D-9D36-7B2AF24C8AC1}.Debug|Any CPU.Build.0 = Debug|Any CPU
		{770520E8-98AD-462D-9D36-7B2AF24C8AC1}.Release|Any CPU.ActiveCfg = Release|Any CPU
		{770520E8-98AD-462D-9D36-7B2AF24C8AC1}.Release|Any CPU.Build.0 = Release|Any CPU
		{B66063B6-9BEF-4384-9F0E-B4BC1F32DBEB}.Debug|Any CPU.ActiveCfg = Debug|Any CPU
		{B66063B6-9BEF-4384-9F0E-B4BC1F32DBEB}.Debug|Any CPU.Build.0 = Debug|Any CPU
		{B66063B6-9BEF-4384-9F0E-B4BC1F32DBEB}.Release|Any CPU.ActiveCfg = Release|Any CPU
		{B66063B6-9BEF-4384-9F0E-B4BC1F32DBEB}.Release|Any CPU.Build.0 = Release|Any CPU
		{69640618-6A29-42B7-B52B-1325DAF84588}.Debug|Any CPU.ActiveCfg = Debug|Any CPU
		{69640618-6A29-42B7-B52B-1325DAF84588}.Debug|Any CPU.Build.0 = Debug|Any CPU
		{69640618-6A29-42B7-B52B-1325DAF84588}.Release|Any CPU.ActiveCfg = Release|Any CPU
		{69640618-6A29-42B7-B52B-1325DAF84588}.Release|Any CPU.Build.0 = Release|Any CPU
		{F7635B6B-2C1A-4093-AB32-3733C7A30028}.Debug|Any CPU.ActiveCfg = Debug|Any CPU
		{F7635B6B-2C1A-4093-AB32-3733C7A30028}.Debug|Any CPU.Build.0 = Debug|Any CPU
		{F7635B6B-2C1A-4093-AB32-3733C7A30028}.Release|Any CPU.ActiveCfg = Release|Any CPU
		{F7635B6B-2C1A-4093-AB32-3733C7A30028}.Release|Any CPU.Build.0 = Release|Any CPU
		{B2F1038F-97D4-45AC-B64C-92AD5876AF29}.Debug|Any CPU.ActiveCfg = Debug|Any CPU
		{B2F1038F-97D4-45AC-B64C-92AD5876AF29}.Debug|Any CPU.Build.0 = Debug|Any CPU
		{B2F1038F-97D4-45AC-B64C-92AD5876AF29}.Release|Any CPU.ActiveCfg = Release|Any CPU
		{B2F1038F-97D4-45AC-B64C-92AD5876AF29}.Release|Any CPU.Build.0 = Release|Any CPU
		{C32EAC2E-21E3-4D1E-A282-33867E6B182C}.Debug|Any CPU.ActiveCfg = Debug|Any CPU
		{C32EAC2E-21E3-4D1E-A282-33867E6B182C}.Debug|Any CPU.Build.0 = Debug|Any CPU
		{C32EAC2E-21E3-4D1E-A282-33867E6B182C}.Release|Any CPU.ActiveCfg = Release|Any CPU
		{C32EAC2E-21E3-4D1E-A282-33867E6B182C}.Release|Any CPU.Build.0 = Release|Any CPU
		{3668D3BF-A9D5-4247-A7F6-5ECF5AF9E949}.Debug|Any CPU.ActiveCfg = Debug|Any CPU
		{3668D3BF-A9D5-4247-A7F6-5ECF5AF9E949}.Debug|Any CPU.Build.0 = Debug|Any CPU
		{3668D3BF-A9D5-4247-A7F6-5ECF5AF9E949}.Release|Any CPU.ActiveCfg = Release|Any CPU
		{3668D3BF-A9D5-4247-A7F6-5ECF5AF9E949}.Release|Any CPU.Build.0 = Release|Any CPU
		{DBA8A3DA-D378-4C3F-B0F7-F895EB936C48}.Debug|Any CPU.ActiveCfg = Debug|Any CPU
		{DBA8A3DA-D378-4C3F-B0F7-F895EB936C48}.Debug|Any CPU.Build.0 = Debug|Any CPU
		{DBA8A3DA-D378-4C3F-B0F7-F895EB936C48}.Release|Any CPU.ActiveCfg = Release|Any CPU
		{DBA8A3DA-D378-4C3F-B0F7-F895EB936C48}.Release|Any CPU.Build.0 = Release|Any CPU
		{B2B31A64-A59F-48F1-A27A-DB4A650D2FA8}.Debug|Any CPU.ActiveCfg = Debug|Any CPU
		{B2B31A64-A59F-48F1-A27A-DB4A650D2FA8}.Debug|Any CPU.Build.0 = Debug|Any CPU
		{B2B31A64-A59F-48F1-A27A-DB4A650D2FA8}.Release|Any CPU.ActiveCfg = Release|Any CPU
		{41C1640F-0C6F-47AD-A9ED-3E4780EF6EA0}.Debug|Any CPU.ActiveCfg = Debug|Any CPU
		{41C1640F-0C6F-47AD-A9ED-3E4780EF6EA0}.Debug|Any CPU.Build.0 = Debug|Any CPU
		{41C1640F-0C6F-47AD-A9ED-3E4780EF6EA0}.Release|Any CPU.ActiveCfg = Release|Any CPU
		{5EB0AF28-6DDE-44D7-8AB3-D7B64769486C}.Debug|Any CPU.ActiveCfg = Debug|Any CPU
		{5EB0AF28-6DDE-44D7-8AB3-D7B64769486C}.Debug|Any CPU.Build.0 = Debug|Any CPU
		{5EB0AF28-6DDE-44D7-8AB3-D7B64769486C}.Release|Any CPU.ActiveCfg = Release|Any CPU
		{AB229858-8982-4E1D-9DDC-D166A5EC681A}.Debug|Any CPU.ActiveCfg = Debug|Any CPU
		{AB229858-8982-4E1D-9DDC-D166A5EC681A}.Debug|Any CPU.Build.0 = Debug|Any CPU
		{AB229858-8982-4E1D-9DDC-D166A5EC681A}.Release|Any CPU.ActiveCfg = Release|Any CPU
		{97F0B9E8-0471-4E3E-B7DA-76266DC439DF}.Debug|Any CPU.ActiveCfg = Debug|Any CPU
		{97F0B9E8-0471-4E3E-B7DA-76266DC439DF}.Debug|Any CPU.Build.0 = Debug|Any CPU
		{97F0B9E8-0471-4E3E-B7DA-76266DC439DF}.Release|Any CPU.ActiveCfg = Release|Any CPU
		{57900CB5-276B-43EA-87F6-DCCAE17187EF}.Debug|Any CPU.ActiveCfg = Debug|Any CPU
		{57900CB5-276B-43EA-87F6-DCCAE17187EF}.Debug|Any CPU.Build.0 = Debug|Any CPU
		{57900CB5-276B-43EA-87F6-DCCAE17187EF}.Release|Any CPU.ActiveCfg = Release|Any CPU
		{36E28232-42D0-459A-92F5-57A26D95BE1F}.Debug|Any CPU.ActiveCfg = Debug|Any CPU
		{36E28232-42D0-459A-92F5-57A26D95BE1F}.Debug|Any CPU.Build.0 = Debug|Any CPU
		{36E28232-42D0-459A-92F5-57A26D95BE1F}.Release|Any CPU.ActiveCfg = Release|Any CPU
	EndGlobalSection
	GlobalSection(SolutionProperties) = preSolution
		HideSolutionNode = FALSE
	EndGlobalSection
EndGlobal
